
Microsoft Visual Studio Solution File, Format Version 12.00
# Visual Studio Version 16
VisualStudioVersion = 16.0.30523.141
MinimumVisualStudioVersion = 10.0.40219.1
Project("{FAE04EC0-301F-11D3-BF4B-00C04F79EFBC}") = "DesafioDevFull", "DesafioDevFull\DesafioDevFull.csproj", "{1AA3FFEE-2B68-4B58-88C7-F15EF632B45F}"
EndProject
Global
	GlobalSection(SolutionConfigurationPlatforms) = preSolution
		Debug|Any CPU = Debug|Any CPU
		Release|Any CPU = Release|Any CPU
	EndGlobalSection
	GlobalSection(ProjectConfigurationPlatforms) = postSolution
		{1AA3FFEE-2B68-4B58-88C7-F15EF632B45F}.Debug|Any CPU.ActiveCfg = Debug|Any CPU
		{1AA3FFEE-2B68-4B58-88C7-F15EF632B45F}.Debug|Any CPU.Build.0 = Debug|Any CPU
		{1AA3FFEE-2B68-4B58-88C7-F15EF632B45F}.Release|Any CPU.ActiveCfg = Release|Any CPU
		{1AA3FFEE-2B68-4B58-88C7-F15EF632B45F}.Release|Any CPU.Build.0 = Release|Any CPU
	EndGlobalSection
	GlobalSection(SolutionProperties) = preSolution
		HideSolutionNode = FALSE
	EndGlobalSection
	GlobalSection(ExtensibilityGlobals) = postSolution
		SolutionGuid = {25A77715-7EA9-4129-AB49-7B858B4454C1}
	EndGlobalSection
EndGlobal
